
Microsoft Visual Studio Solution File, Format Version 12.00
# Visual Studio Version 17
VisualStudioVersion = 17.14.36623.8 d17.14
MinimumVisualStudioVersion = 10.0.40219.1
Project("{FAE04EC0-301F-11D3-BF4B-00C04F79EFBC}") = "Власенко_БІКСб-2-25-40д", "Власенко_БІКСб-2-25-40д\Власенко_БІКСб-2-25-40д.csproj", "{526E1989-984B-4DEA-8BBB-A916535D278D}"
EndProject
Global
	GlobalSection(SolutionConfigurationPlatforms) = preSolution
		Debug|Any CPU = Debug|Any CPU
		Release|Any CPU = Release|Any CPU
	EndGlobalSection
	GlobalSection(ProjectConfigurationPlatforms) = postSolution
		{526E1989-984B-4DEA-8BBB-A916535D278D}.Debug|Any CPU.ActiveCfg = Debug|Any CPU
		{526E1989-984B-4DEA-8BBB-A916535D278D}.Debug|Any CPU.Build.0 = Debug|Any CPU
		{526E1989-984B-4DEA-8BBB-A916535D278D}.Release|Any CPU.ActiveCfg = Release|Any CPU
		{526E1989-984B-4DEA-8BBB-A916535D278D}.Release|Any CPU.Build.0 = Release|Any CPU
	EndGlobalSection
	GlobalSection(SolutionProperties) = preSolution
		HideSolutionNode = FALSE
	EndGlobalSection
	GlobalSection(ExtensibilityGlobals) = postSolution
		SolutionGuid = {E5D9CE9A-6D43-4D7C-BABC-85C49E5D17C1}
	EndGlobalSection
EndGlobal
